
Microsoft Visual Studio Solution File, Format Version 12.00
# Visual Studio Version 17
VisualStudioVersion = 17.10.35122.118
MinimumVisualStudioVersion = 10.0.40219.1
Project("{FAE04EC0-301F-11D3-BF4B-00C04F79EFBC}") = "CustomerService.Api", "CustomerService.Api\CustomerService.Api.csproj", "{19A62F54-246D-4A71-AF13-C79D0F780489}"
EndProject
Project("{FAE04EC0-301F-11D3-BF4B-00C04F79EFBC}") = "CustomerService.Application", "CustomerService.Application\CustomerService.Application.csproj", "{63D7FADA-D7B5-4A90-BE22-5EA4168AE4A9}"
EndProject
Project("{FAE04EC0-301F-11D3-BF4B-00C04F79EFBC}") = "CustomerService.Domain", "CustomerService.Domain\CustomerService.Domain.csproj", "{BC7ADF3A-9618-4542-808D-6C4BEA7419AE}"
EndProject
Project("{FAE04EC0-301F-11D3-BF4B-00C04F79EFBC}") = "CustomerService.Infrastructure", "CustomerService.Infrastructure\CustomerService.Infrastructure.csproj", "{899A37E4-DF86-415C-B842-C63E82F217D3}"
EndProject
Global
	GlobalSection(SolutionConfigurationPlatforms) = preSolution
		Debug|Any CPU = Debug|Any CPU
		Release|Any CPU = Release|Any CPU
	EndGlobalSection
	GlobalSection(ProjectConfigurationPlatforms) = postSolution
		{19A62F54-246D-4A71-AF13-C79D0F780489}.Debug|Any CPU.ActiveCfg = Debug|Any CPU
		{19A62F54-246D-4A71-AF13-C79D0F780489}.Debug|Any CPU.Build.0 = Debug|Any CPU
		{19A62F54-246D-4A71-AF13-C79D0F780489}.Release|Any CPU.ActiveCfg = Release|Any CPU
		{19A62F54-246D-4A71-AF13-C79D0F780489}.Release|Any CPU.Build.0 = Release|Any CPU
		{63D7FADA-D7B5-4A90-BE22-5EA4168AE4A9}.Debug|Any CPU.ActiveCfg = Debug|Any CPU
		{63D7FADA-D7B5-4A90-BE22-5EA4168AE4A9}.Debug|Any CPU.Build.0 = Debug|Any CPU
		{63D7FADA-D7B5-4A90-BE22-5EA4168AE4A9}.Release|Any CPU.ActiveCfg = Release|Any CPU
		{63D7FADA-D7B5-4A90-BE22-5EA4168AE4A9}.Release|Any CPU.Build.0 = Release|Any CPU
		{BC7ADF3A-9618-4542-808D-6C4BEA7419AE}.Debug|Any CPU.ActiveCfg = Debug|Any CPU
		{BC7ADF3A-9618-4542-808D-6C4BEA7419AE}.Debug|Any CPU.Build.0 = Debug|Any CPU
		{BC7ADF3A-9618-4542-808D-6C4BEA7419AE}.Release|Any CPU.ActiveCfg = Release|Any CPU
		{BC7ADF3A-9618-4542-808D-6C4BEA7419AE}.Release|Any CPU.Build.0 = Release|Any CPU
		{899A37E4-DF86-415C-B842-C63E82F217D3}.Debug|Any CPU.ActiveCfg = Debug|Any CPU
		{899A37E4-DF86-415C-B842-C63E82F217D3}.Debug|Any CPU.Build.0 = Debug|Any CPU
		{899A37E4-DF86-415C-B842-C63E82F217D3}.Release|Any CPU.ActiveCfg = Release|Any CPU
		{899A37E4-DF86-415C-B842-C63E82F217D3}.Release|Any CPU.Build.0 = Release|Any CPU
	EndGlobalSection
	GlobalSection(SolutionProperties) = preSolution
		HideSolutionNode = FALSE
	EndGlobalSection
	GlobalSection(ExtensibilityGlobals) = postSolution
		SolutionGuid = {A232A2C1-799F-4659-A10A-900EB8E45802}
	EndGlobalSection
EndGlobal
